
Microsoft Visual Studio Solution File, Format Version 12.00
# Visual Studio Version 16
VisualStudioVersion = 16.0.32802.440
MinimumVisualStudioVersion = 10.0.40219.1
Project("{FAE04EC0-301F-11D3-BF4B-00C04F79EFBC}") = "WebApplication1", "WebApplication1\WebApplication1.csproj", "{BE753C57-6871-4060-ADFB-55EF229E4D15}"
EndProject
Global
	GlobalSection(SolutionConfigurationPlatforms) = preSolution
		Debug|Any CPU = Debug|Any CPU
		Release|Any CPU = Release|Any CPU
	EndGlobalSection
	GlobalSection(ProjectConfigurationPlatforms) = postSolution
		{BE753C57-6871-4060-ADFB-55EF229E4D15}.Debug|Any CPU.ActiveCfg = Debug|Any CPU
		{BE753C57-6871-4060-ADFB-55EF229E4D15}.Debug|Any CPU.Build.0 = Debug|Any CPU
		{BE753C57-6871-4060-ADFB-55EF229E4D15}.Release|Any CPU.ActiveCfg = Release|Any CPU
		{BE753C57-6871-4060-ADFB-55EF229E4D15}.Release|Any CPU.Build.0 = Release|Any CPU
	EndGlobalSection
	GlobalSection(SolutionProperties) = preSolution
		HideSolutionNode = FALSE
	EndGlobalSection
	GlobalSection(ExtensibilityGlobals) = postSolution
		SolutionGuid = {0A60477F-F4E1-4066-825F-DB7708793196}
	EndGlobalSection
EndGlobal
